{
  "requires": true,
  "lockfileVersion": 1,
  "dependencies": {
    "animate.css": {
      "version": "4.1.1",
      "resolved": "https://registry.npmjs.org/animate.css/-/animate.css-4.1.1.tgz",
      "integrity": "sha512-+mRmCTv6SbCmtYJCN4faJMNFVNN5EuCTTprDTAo7YzIGji2KADmakjVA3+8mVDkZ2Bf09vayB35lSQIex2+QaQ=="
    },
    "confetti-js": {
      "version": "0.0.18",
      "resolved": "https://registry.npmjs.org/confetti-js/-/confetti-js-0.0.18.tgz",
      "integrity": "sha512-0B7pYmZGBZuBkN32ydjWRpJLfRUT9KZYkQKkC4SGrAsUq0XE2DLY5foCWBXMXXVg7sFKs3qIb+qsDx1eFTeSvA=="
    }
  }
}
